
Microsoft Visual Studio Solution File, Format Version 12.00
# Visual Studio Version 16
VisualStudioVersion = 16.0.30804.86
MinimumVisualStudioVersion = 10.0.40219.1
Project("{FAE04EC0-301F-11D3-BF4B-00C04F79EFBC}") = "AcademicPortalApp", "AcademicPortalApp\AcademicPortalApp.csproj", "{4FF8A34D-6BDB-41A4-BFB9-B07E24A924DD}"
EndProject
Global
	GlobalSection(SolutionConfigurationPlatforms) = preSolution
		Debug|Any CPU = Debug|Any CPU
		Release|Any CPU = Release|Any CPU
	EndGlobalSection
	GlobalSection(ProjectConfigurationPlatforms) = postSolution
		{4FF8A34D-6BDB-41A4-BFB9-B07E24A924DD}.Debug|Any CPU.ActiveCfg = Debug|Any CPU
		{4FF8A34D-6BDB-41A4-BFB9-B07E24A924DD}.Debug|Any CPU.Build.0 = Debug|Any CPU
		{4FF8A34D-6BDB-41A4-BFB9-B07E24A924DD}.Release|Any CPU.ActiveCfg = Release|Any CPU
		{4FF8A34D-6BDB-41A4-BFB9-B07E24A924DD}.Release|Any CPU.Build.0 = Release|Any CPU
	EndGlobalSection
	GlobalSection(SolutionProperties) = preSolution
		HideSolutionNode = FALSE
	EndGlobalSection
	GlobalSection(ExtensibilityGlobals) = postSolution
		SolutionGuid = {94363CC9-EDFC-4E75-A7A3-5CA563F589F6}
	EndGlobalSection
EndGlobal
